
Microsoft Visual Studio Solution File, Format Version 12.00
# Visual Studio Version 16
VisualStudioVersion = 16.0.34729.46
MinimumVisualStudioVersion = 10.0.40219.1
Project("{6989167D-11E4-40FE-8C1A-2192A86A7E90}") = "App.Tests", "src\app\tests\App.Tests.vfproj", "{3029D10D-AE30-4918-9658-E07B07940E31}"
EndProject
Project("{2150E333-8FDC-42A3-9474-1A3956D46DE8}") = "app", "app", "{EBEE1C17-2CDC-490A-B68A-7A9738BFC9F7}"
	ProjectSection(SolutionItems) = preProject
		src\app\README.md = src\app\README.md
	EndProjectSection
EndProject
Project("{2150E333-8FDC-42A3-9474-1A3956D46DE8}") = "include", "include", "{4371ED28-59B7-4B59-92B6-128D051CF3A4}"
	ProjectSection(SolutionItems) = preProject
		src\app\include\app.inc = src\app\include\app.inc
	EndProjectSection
EndProject
Project("{2150E333-8FDC-42A3-9474-1A3956D46DE8}") = "tests", "tests", "{F31A2303-D9AA-4B31-80C7-DD618134186F}"
EndProject
Project("{2150E333-8FDC-42A3-9474-1A3956D46DE8}") = "assertion", "assertion", "{7EE1D512-B866-43ED-A12D-0BE52A53A52D}"
	ProjectSection(SolutionItems) = preProject
		src\assertion\README.md = src\assertion\README.md
	EndProjectSection
EndProject
Project("{2150E333-8FDC-42A3-9474-1A3956D46DE8}") = "include", "include", "{D55821CC-E882-467D-AA98-31C27745E2A4}"
	ProjectSection(SolutionItems) = preProject
		src\assertion\include\assertion.inc = src\assertion\include\assertion.inc
	EndProjectSection
EndProject
Project("{2150E333-8FDC-42A3-9474-1A3956D46DE8}") = "tests", "tests", "{141DB4D5-2F09-4653-92A0-3CB868050967}"
EndProject
Project("{6989167D-11E4-40FE-8C1A-2192A86A7E90}") = "Assertion.Tests", "src\assertion\tests\Assertion.Tests.vfproj", "{18494DE3-13CE-448A-A5D2-67D3E09FF2F5}"
EndProject
Project("{2150E333-8FDC-42A3-9474-1A3956D46DE8}") = "array", "array", "{2B841A58-3361-4630-889E-E576EA71B8A5}"
	ProjectSection(SolutionItems) = preProject
		src\array\README.md = src\array\README.md
	EndProjectSection
EndProject
Project("{2150E333-8FDC-42A3-9474-1A3956D46DE8}") = "include", "include", "{F8804B19-9069-4E90-AF5F-446BDE0330EC}"
	ProjectSection(SolutionItems) = preProject
		src\array\include\array.inc = src\array\include\array.inc
	EndProjectSection
EndProject
Project("{2150E333-8FDC-42A3-9474-1A3956D46DE8}") = "tests", "tests", "{CDF9816C-8A0A-43E0-A17A-C488CE23552E}"
EndProject
Project("{6989167D-11E4-40FE-8C1A-2192A86A7E90}") = "Array.Tests", "src\array\tests\Array.Tests.vfproj", "{C10E741C-3B60-4D71-A209-2A6035F0431D}"
EndProject
Project("{2150E333-8FDC-42A3-9474-1A3956D46DE8}") = "contract", "contract", "{308D6CB7-78EE-43A5-A76A-47D0C35BA3A6}"
	ProjectSection(SolutionItems) = preProject
		src\contract\README.md = src\contract\README.md
	EndProjectSection
EndProject
Project("{2150E333-8FDC-42A3-9474-1A3956D46DE8}") = "include", "include", "{73C758FF-EEFD-4B9E-8212-065B26511A54}"
	ProjectSection(SolutionItems) = preProject
		src\contract\include\contract.inc = src\contract\include\contract.inc
	EndProjectSection
EndProject
Project("{2150E333-8FDC-42A3-9474-1A3956D46DE8}") = "tests", "tests", "{4CB52974-87E3-43B1-BFEC-2A162B095F1E}"
EndProject
Project("{2150E333-8FDC-42A3-9474-1A3956D46DE8}") = "export", "export", "{A789D483-95A9-431D-8F49-A6C1A0362B25}"
	ProjectSection(SolutionItems) = preProject
		src\export\README.md = src\export\README.md
	EndProjectSection
EndProject
Project("{2150E333-8FDC-42A3-9474-1A3956D46DE8}") = "include", "include", "{3C576BCB-AD6E-456C-9215-436974D8F930}"
	ProjectSection(SolutionItems) = preProject
		src\export\include\export.inc = src\export\include\export.inc
	EndProjectSection
EndProject
Project("{2150E333-8FDC-42A3-9474-1A3956D46DE8}") = "logging", "logging", "{CA46F2D0-BB49-443D-B39D-32537371790B}"
EndProject
Project("{2150E333-8FDC-42A3-9474-1A3956D46DE8}") = "include", "include", "{EEDAC8EF-CAD7-4F31-A518-F97F2B3F5388}"
	ProjectSection(SolutionItems) = preProject
		src\logging\include\logging.inc = src\logging\include\logging.inc
	EndProjectSection
EndProject
Project("{2150E333-8FDC-42A3-9474-1A3956D46DE8}") = "tests", "tests", "{9C476199-8D59-452B-8F85-BBD64A0066AF}"
EndProject
Project("{2150E333-8FDC-42A3-9474-1A3956D46DE8}") = "logical", "logical", "{2FB41544-7994-407F-995A-5D79F7142BCC}"
	ProjectSection(SolutionItems) = preProject
		src\logical\README.md = src\logical\README.md
	EndProjectSection
EndProject
Project("{2150E333-8FDC-42A3-9474-1A3956D46DE8}") = "include", "include", "{5EE019C5-950F-499A-8A8E-91512E04F0B1}"
	ProjectSection(SolutionItems) = preProject
		src\logical\include\logical.inc = src\logical\include\logical.inc
	EndProjectSection
EndProject
Project("{2150E333-8FDC-42A3-9474-1A3956D46DE8}") = "tests", "tests", "{8F8003DB-CFEE-422C-8F79-21ADD3185CD2}"
EndProject
Project("{2150E333-8FDC-42A3-9474-1A3956D46DE8}") = "loop", "loop", "{88EAF4CC-F991-4999-9249-882B0A1F79A1}"
	ProjectSection(SolutionItems) = preProject
		src\loop\README.md = src\loop\README.md
	EndProjectSection
EndProject
Project("{2150E333-8FDC-42A3-9474-1A3956D46DE8}") = "include", "include", "{90373E63-8542-44B3-A71A-AADD375B8F77}"
	ProjectSection(SolutionItems) = preProject
		src\loop\include\loop.inc = src\loop\include\loop.inc
	EndProjectSection
EndProject
Project("{2150E333-8FDC-42A3-9474-1A3956D46DE8}") = "tests", "tests", "{544F87D0-FBCD-4D69-A185-19617A201508}"
EndProject
Project("{2150E333-8FDC-42A3-9474-1A3956D46DE8}") = "namelist", "namelist", "{515DA558-AFBC-49A8-8935-1A419A47B439}"
	ProjectSection(SolutionItems) = preProject
		src\namelist\README.md = src\namelist\README.md
	EndProjectSection
EndProject
Project("{2150E333-8FDC-42A3-9474-1A3956D46DE8}") = "include", "include", "{9A141108-FF7F-4A1E-AB44-0B7598C1A8E3}"
	ProjectSection(SolutionItems) = preProject
		src\namelist\include\namelist.inc = src\namelist\include\namelist.inc
	EndProjectSection
EndProject
Project("{2150E333-8FDC-42A3-9474-1A3956D46DE8}") = "tests", "tests", "{DFAF21AC-5424-473D-A420-FC160C7E8B46}"
EndProject
Project("{2150E333-8FDC-42A3-9474-1A3956D46DE8}") = "optional", "optional", "{0433E4B0-1A96-407E-B276-9715DE4A3C25}"
	ProjectSection(SolutionItems) = preProject
		src\optional\README.md = src\optional\README.md
	EndProjectSection
EndProject
Project("{2150E333-8FDC-42A3-9474-1A3956D46DE8}") = "include", "include", "{98070FE0-1515-441E-A706-3B3A31977F92}"
	ProjectSection(SolutionItems) = preProject
		src\optional\include\optional.inc = src\optional\include\optional.inc
	EndProjectSection
EndProject
Project("{2150E333-8FDC-42A3-9474-1A3956D46DE8}") = "tests", "tests", "{BE806EE4-2954-4B45-94B0-B4ECE653451E}"
EndProject
Project("{6989167D-11E4-40FE-8C1A-2192A86A7E90}") = "Contract.Tests", "src\contract\tests\Contract.Tests.vfproj", "{14D377DB-ACFD-4804-9C42-B919AF806BD8}"
EndProject
Project("{6989167D-11E4-40FE-8C1A-2192A86A7E90}") = "Logging.Tests", "src\logging\tests\Logging.Tests.vfproj", "{D3E9765F-6FC6-4310-A046-188B7D9B0137}"
EndProject
Project("{6989167D-11E4-40FE-8C1A-2192A86A7E90}") = "Logical.Tests", "src\logical\tests\Logical.Tests.vfproj", "{9AAF6907-99C6-4938-9B36-C3C7274E9B59}"
EndProject
Project("{6989167D-11E4-40FE-8C1A-2192A86A7E90}") = "Loop.Tests", "src\loop\tests\Loop.Tests.vfproj", "{4711FAB0-AFDF-410F-A0B9-760464BA65C6}"
EndProject
Project("{6989167D-11E4-40FE-8C1A-2192A86A7E90}") = "Namelist.Tests", "src\namelist\tests\Namelist.Tests.vfproj", "{E7B6C050-C615-42BD-A554-83CE3E2D7379}"
EndProject
Project("{6989167D-11E4-40FE-8C1A-2192A86A7E90}") = "Optional.Tests", "src\optional\tests\Optional.Tests.vfproj", "{2F45408C-8C6E-47BF-B2E6-9ABCF87B9E7C}"
EndProject
Project("{2150E333-8FDC-42A3-9474-1A3956D46DE8}") = "collections", "collections", "{D1FBA795-B475-4A54-A6E7-52BE7DB1C408}"
EndProject
Project("{2150E333-8FDC-42A3-9474-1A3956D46DE8}") = "include", "include", "{3EECE3ED-8A9A-4F41-9889-962A3E8EE14C}"
	ProjectSection(SolutionItems) = preProject
		src\collections\include\list.inc = src\collections\include\list.inc
		src\collections\include\listof.inc = src\collections\include\listof.inc
	EndProjectSection
EndProject
Project("{2150E333-8FDC-42A3-9474-1A3956D46DE8}") = "tests", "tests", "{E377D87A-580F-491D-99B8-2828B9F2E040}"
EndProject
Project("{6989167D-11E4-40FE-8C1A-2192A86A7E90}") = "Collections.Tests", "src\collections\tests\Collections.Tests.vfproj", "{735DDB91-5D63-40AF-8AB9-D43247434DA3}"
	ProjectSection(ProjectDependencies) = postProject
		{6ADAFE36-3D6F-482F-B910-1268D73C48B4} = {6ADAFE36-3D6F-482F-B910-1268D73C48B4}
	EndProjectSection
EndProject
Project("{2150E333-8FDC-42A3-9474-1A3956D46DE8}") = "src", "src", "{5D8C1ACD-A114-410D-AED9-E9489198217A}"
EndProject
Project("{6989167D-11E4-40FE-8C1A-2192A86A7E90}") = "Collections", "src\collections\src\Collections.vfproj", "{6ADAFE36-3D6F-482F-B910-1268D73C48B4}"
EndProject
Project("{2150E333-8FDC-42A3-9474-1A3956D46DE8}") = "templates", "templates", "{FD44C68C-7092-4C67-A936-AA9886C7ADDC}"
	ProjectSection(SolutionItems) = preProject
		src\collections\templates\integer_list.tt = src\collections\templates\integer_list.tt
	EndProjectSection
EndProject
Project("{2150E333-8FDC-42A3-9474-1A3956D46DE8}") = "attributes", "attributes", "{96ABF6D5-F6BA-4783-ADD6-46CAF232D689}"
	ProjectSection(SolutionItems) = preProject
		src\attributes\README.md = src\attributes\README.md
	EndProjectSection
EndProject
Project("{2150E333-8FDC-42A3-9474-1A3956D46DE8}") = "include", "include", "{5BC97BEC-8204-4581-876F-7BD482D09EB5}"
	ProjectSection(SolutionItems) = preProject
		src\attributes\include\attributes.inc = src\attributes\include\attributes.inc
	EndProjectSection
EndProject
Project("{2150E333-8FDC-42A3-9474-1A3956D46DE8}") = "tests", "tests", "{7A6EF6AA-ECAF-48A6-B3A6-EDE55E523D11}"
EndProject
Project("{6989167D-11E4-40FE-8C1A-2192A86A7E90}") = "Attributes.Tests", "src\attributes\tests\Attributes.Tests.vfproj", "{A56DDAC5-BC5A-422D-8CA0-C00962C9955C}"
EndProject
Project("{2150E333-8FDC-42A3-9474-1A3956D46DE8}") = "string", "string", "{0224F893-E312-48ED-8895-E32A18B99A85}"
	ProjectSection(SolutionItems) = preProject
		src\string\README.md = src\string\README.md
	EndProjectSection
EndProject
Project("{2150E333-8FDC-42A3-9474-1A3956D46DE8}") = "src", "src", "{5161A67B-FE77-4BEA-9BD4-6F7BA47AB10E}"
EndProject
Project("{2150E333-8FDC-42A3-9474-1A3956D46DE8}") = "include", "include", "{48A79660-A92C-4E52-9DEC-FB20160FBDC9}"
	ProjectSection(SolutionItems) = preProject
		src\string\include\string.inc = src\string\include\string.inc
	EndProjectSection
EndProject
Project("{2150E333-8FDC-42A3-9474-1A3956D46DE8}") = "tests", "tests", "{D27C93C2-D6C7-4E4E-9FF2-283C766F3582}"
EndProject
Project("{6989167D-11E4-40FE-8C1A-2192A86A7E90}") = "String", "src\string\src\String.vfproj", "{8DD54377-3494-4304-91EE-BF2D78C0178B}"
EndProject
Project("{6989167D-11E4-40FE-8C1A-2192A86A7E90}") = "String.Tests", "src\string\tests\String.Tests.vfproj", "{58BEBF2D-30C7-4AE4-A02B-B2E9B9C115DD}"
	ProjectSection(ProjectDependencies) = postProject
		{8DD54377-3494-4304-91EE-BF2D78C0178B} = {8DD54377-3494-4304-91EE-BF2D78C0178B}
	EndProjectSection
EndProject
Global
	GlobalSection(SolutionConfigurationPlatforms) = preSolution
		Debug|x64 = Debug|x64
		Debug|x86 = Debug|x86
		Release|x64 = Release|x64
		Release|x86 = Release|x86
	EndGlobalSection
	GlobalSection(ProjectConfigurationPlatforms) = postSolution
		{3029D10D-AE30-4918-9658-E07B07940E31}.Debug|x64.ActiveCfg = Debug|x64
		{3029D10D-AE30-4918-9658-E07B07940E31}.Debug|x64.Build.0 = Debug|x64
		{3029D10D-AE30-4918-9658-E07B07940E31}.Debug|x86.ActiveCfg = Debug|Win32
		{3029D10D-AE30-4918-9658-E07B07940E31}.Debug|x86.Build.0 = Debug|Win32
		{3029D10D-AE30-4918-9658-E07B07940E31}.Release|x64.ActiveCfg = Release|x64
		{3029D10D-AE30-4918-9658-E07B07940E31}.Release|x64.Build.0 = Release|x64
		{3029D10D-AE30-4918-9658-E07B07940E31}.Release|x86.ActiveCfg = Release|Win32
		{3029D10D-AE30-4918-9658-E07B07940E31}.Release|x86.Build.0 = Release|Win32
		{18494DE3-13CE-448A-A5D2-67D3E09FF2F5}.Debug|x64.ActiveCfg = Debug|x64
		{18494DE3-13CE-448A-A5D2-67D3E09FF2F5}.Debug|x64.Build.0 = Debug|x64
		{18494DE3-13CE-448A-A5D2-67D3E09FF2F5}.Debug|x86.ActiveCfg = Debug|Win32
		{18494DE3-13CE-448A-A5D2-67D3E09FF2F5}.Debug|x86.Build.0 = Debug|Win32
		{18494DE3-13CE-448A-A5D2-67D3E09FF2F5}.Release|x64.ActiveCfg = Release|x64
		{18494DE3-13CE-448A-A5D2-67D3E09FF2F5}.Release|x64.Build.0 = Release|x64
		{18494DE3-13CE-448A-A5D2-67D3E09FF2F5}.Release|x86.ActiveCfg = Release|Win32
		{18494DE3-13CE-448A-A5D2-67D3E09FF2F5}.Release|x86.Build.0 = Release|Win32
		{C10E741C-3B60-4D71-A209-2A6035F0431D}.Debug|x64.ActiveCfg = Debug|x64
		{C10E741C-3B60-4D71-A209-2A6035F0431D}.Debug|x64.Build.0 = Debug|x64
		{C10E741C-3B60-4D71-A209-2A6035F0431D}.Debug|x86.ActiveCfg = Debug|Win32
		{C10E741C-3B60-4D71-A209-2A6035F0431D}.Debug|x86.Build.0 = Debug|Win32
		{C10E741C-3B60-4D71-A209-2A6035F0431D}.Release|x64.ActiveCfg = Release|x64
		{C10E741C-3B60-4D71-A209-2A6035F0431D}.Release|x64.Build.0 = Release|x64
		{C10E741C-3B60-4D71-A209-2A6035F0431D}.Release|x86.ActiveCfg = Release|Win32
		{C10E741C-3B60-4D71-A209-2A6035F0431D}.Release|x86.Build.0 = Release|Win32
		{14D377DB-ACFD-4804-9C42-B919AF806BD8}.Debug|x64.ActiveCfg = Debug|x64
		{14D377DB-ACFD-4804-9C42-B919AF806BD8}.Debug|x64.Build.0 = Debug|x64
		{14D377DB-ACFD-4804-9C42-B919AF806BD8}.Debug|x86.ActiveCfg = Debug|Win32
		{14D377DB-ACFD-4804-9C42-B919AF806BD8}.Debug|x86.Build.0 = Debug|Win32
		{14D377DB-ACFD-4804-9C42-B919AF806BD8}.Release|x64.ActiveCfg = Release|x64
		{14D377DB-ACFD-4804-9C42-B919AF806BD8}.Release|x64.Build.0 = Release|x64
		{14D377DB-ACFD-4804-9C42-B919AF806BD8}.Release|x86.ActiveCfg = Release|Win32
		{14D377DB-ACFD-4804-9C42-B919AF806BD8}.Release|x86.Build.0 = Release|Win32
		{D3E9765F-6FC6-4310-A046-188B7D9B0137}.Debug|x64.ActiveCfg = Debug|x64
		{D3E9765F-6FC6-4310-A046-188B7D9B0137}.Debug|x64.Build.0 = Debug|x64
		{D3E9765F-6FC6-4310-A046-188B7D9B0137}.Debug|x86.ActiveCfg = Debug|Win32
		{D3E9765F-6FC6-4310-A046-188B7D9B0137}.Debug|x86.Build.0 = Debug|Win32
		{D3E9765F-6FC6-4310-A046-188B7D9B0137}.Release|x64.ActiveCfg = Release|x64
		{D3E9765F-6FC6-4310-A046-188B7D9B0137}.Release|x64.Build.0 = Release|x64
		{D3E9765F-6FC6-4310-A046-188B7D9B0137}.Release|x86.ActiveCfg = Release|Win32
		{D3E9765F-6FC6-4310-A046-188B7D9B0137}.Release|x86.Build.0 = Release|Win32
		{9AAF6907-99C6-4938-9B36-C3C7274E9B59}.Debug|x64.ActiveCfg = Debug|x64
		{9AAF6907-99C6-4938-9B36-C3C7274E9B59}.Debug|x64.Build.0 = Debug|x64
		{9AAF6907-99C6-4938-9B36-C3C7274E9B59}.Debug|x86.ActiveCfg = Debug|Win32
		{9AAF6907-99C6-4938-9B36-C3C7274E9B59}.Debug|x86.Build.0 = Debug|Win32
		{9AAF6907-99C6-4938-9B36-C3C7274E9B59}.Release|x64.ActiveCfg = Release|x64
		{9AAF6907-99C6-4938-9B36-C3C7274E9B59}.Release|x64.Build.0 = Release|x64
		{9AAF6907-99C6-4938-9B36-C3C7274E9B59}.Release|x86.ActiveCfg = Release|Win32
		{9AAF6907-99C6-4938-9B36-C3C7274E9B59}.Release|x86.Build.0 = Release|Win32
		{4711FAB0-AFDF-410F-A0B9-760464BA65C6}.Debug|x64.ActiveCfg = Debug|x64
		{4711FAB0-AFDF-410F-A0B9-760464BA65C6}.Debug|x64.Build.0 = Debug|x64
		{4711FAB0-AFDF-410F-A0B9-760464BA65C6}.Debug|x86.ActiveCfg = Debug|Win32
		{4711FAB0-AFDF-410F-A0B9-760464BA65C6}.Debug|x86.Build.0 = Debug|Win32
		{4711FAB0-AFDF-410F-A0B9-760464BA65C6}.Release|x64.ActiveCfg = Release|x64
		{4711FAB0-AFDF-410F-A0B9-760464BA65C6}.Release|x64.Build.0 = Release|x64
		{4711FAB0-AFDF-410F-A0B9-760464BA65C6}.Release|x86.ActiveCfg = Release|Win32
		{4711FAB0-AFDF-410F-A0B9-760464BA65C6}.Release|x86.Build.0 = Release|Win32
		{E7B6C050-C615-42BD-A554-83CE3E2D7379}.Debug|x64.ActiveCfg = Debug|x64
		{E7B6C050-C615-42BD-A554-83CE3E2D7379}.Debug|x64.Build.0 = Debug|x64
		{E7B6C050-C615-42BD-A554-83CE3E2D7379}.Debug|x86.ActiveCfg = Debug|Win32
		{E7B6C050-C615-42BD-A554-83CE3E2D7379}.Debug|x86.Build.0 = Debug|Win32
		{E7B6C050-C615-42BD-A554-83CE3E2D7379}.Release|x64.ActiveCfg = Release|x64
		{E7B6C050-C615-42BD-A554-83CE3E2D7379}.Release|x64.Build.0 = Release|x64
		{E7B6C050-C615-42BD-A554-83CE3E2D7379}.Release|x86.ActiveCfg = Release|Win32
		{E7B6C050-C615-42BD-A554-83CE3E2D7379}.Release|x86.Build.0 = Release|Win32
		{2F45408C-8C6E-47BF-B2E6-9ABCF87B9E7C}.Debug|x64.ActiveCfg = Debug|x64
		{2F45408C-8C6E-47BF-B2E6-9ABCF87B9E7C}.Debug|x64.Build.0 = Debug|x64
		{2F45408C-8C6E-47BF-B2E6-9ABCF87B9E7C}.Debug|x86.ActiveCfg = Debug|Win32
		{2F45408C-8C6E-47BF-B2E6-9ABCF87B9E7C}.Debug|x86.Build.0 = Debug|Win32
		{2F45408C-8C6E-47BF-B2E6-9ABCF87B9E7C}.Release|x64.ActiveCfg = Release|x64
		{2F45408C-8C6E-47BF-B2E6-9ABCF87B9E7C}.Release|x64.Build.0 = Release|x64
		{2F45408C-8C6E-47BF-B2E6-9ABCF87B9E7C}.Release|x86.ActiveCfg = Release|Win32
		{2F45408C-8C6E-47BF-B2E6-9ABCF87B9E7C}.Release|x86.Build.0 = Release|Win32
		{735DDB91-5D63-40AF-8AB9-D43247434DA3}.Debug|x64.ActiveCfg = Debug|x64
		{735DDB91-5D63-40AF-8AB9-D43247434DA3}.Debug|x64.Build.0 = Debug|x64
		{735DDB91-5D63-40AF-8AB9-D43247434DA3}.Debug|x86.ActiveCfg = Debug|Win32
		{735DDB91-5D63-40AF-8AB9-D43247434DA3}.Debug|x86.Build.0 = Debug|Win32
		{735DDB91-5D63-40AF-8AB9-D43247434DA3}.Release|x64.ActiveCfg = Release|x64
		{735DDB91-5D63-40AF-8AB9-D43247434DA3}.Release|x64.Build.0 = Release|x64
		{735DDB91-5D63-40AF-8AB9-D43247434DA3}.Release|x86.ActiveCfg = Release|Win32
		{735DDB91-5D63-40AF-8AB9-D43247434DA3}.Release|x86.Build.0 = Release|Win32
		{6ADAFE36-3D6F-482F-B910-1268D73C48B4}.Debug|x64.ActiveCfg = Debug|x64
		{6ADAFE36-3D6F-482F-B910-1268D73C48B4}.Debug|x64.Build.0 = Debug|x64
		{6ADAFE36-3D6F-482F-B910-1268D73C48B4}.Debug|x86.ActiveCfg = Debug|Win32
		{6ADAFE36-3D6F-482F-B910-1268D73C48B4}.Debug|x86.Build.0 = Debug|Win32
		{6ADAFE36-3D6F-482F-B910-1268D73C48B4}.Release|x64.ActiveCfg = Release|x64
		{6ADAFE36-3D6F-482F-B910-1268D73C48B4}.Release|x64.Build.0 = Release|x64
		{6ADAFE36-3D6F-482F-B910-1268D73C48B4}.Release|x86.ActiveCfg = Release|Win32
		{6ADAFE36-3D6F-482F-B910-1268D73C48B4}.Release|x86.Build.0 = Release|Win32
		{A56DDAC5-BC5A-422D-8CA0-C00962C9955C}.Debug|x64.ActiveCfg = Debug|x64
		{A56DDAC5-BC5A-422D-8CA0-C00962C9955C}.Debug|x64.Build.0 = Debug|x64
		{A56DDAC5-BC5A-422D-8CA0-C00962C9955C}.Debug|x86.ActiveCfg = Debug|Win32
		{A56DDAC5-BC5A-422D-8CA0-C00962C9955C}.Debug|x86.Build.0 = Debug|Win32
		{A56DDAC5-BC5A-422D-8CA0-C00962C9955C}.Release|x64.ActiveCfg = Release|x64
		{A56DDAC5-BC5A-422D-8CA0-C00962C9955C}.Release|x64.Build.0 = Release|x64
		{A56DDAC5-BC5A-422D-8CA0-C00962C9955C}.Release|x86.ActiveCfg = Release|Win32
		{A56DDAC5-BC5A-422D-8CA0-C00962C9955C}.Release|x86.Build.0 = Release|Win32
		{8DD54377-3494-4304-91EE-BF2D78C0178B}.Debug|x64.ActiveCfg = Debug|x64
		{8DD54377-3494-4304-91EE-BF2D78C0178B}.Debug|x64.Build.0 = Debug|x64
		{8DD54377-3494-4304-91EE-BF2D78C0178B}.Debug|x86.ActiveCfg = Debug|Win32
		{8DD54377-3494-4304-91EE-BF2D78C0178B}.Debug|x86.Build.0 = Debug|Win32
		{8DD54377-3494-4304-91EE-BF2D78C0178B}.Release|x64.ActiveCfg = Release|x64
		{8DD54377-3494-4304-91EE-BF2D78C0178B}.Release|x64.Build.0 = Release|x64
		{8DD54377-3494-4304-91EE-BF2D78C0178B}.Release|x86.ActiveCfg = Release|Win32
		{8DD54377-3494-4304-91EE-BF2D78C0178B}.Release|x86.Build.0 = Release|Win32
		{58BEBF2D-30C7-4AE4-A02B-B2E9B9C115DD}.Debug|x64.ActiveCfg = Debug|x64
		{58BEBF2D-30C7-4AE4-A02B-B2E9B9C115DD}.Debug|x64.Build.0 = Debug|x64
		{58BEBF2D-30C7-4AE4-A02B-B2E9B9C115DD}.Debug|x86.ActiveCfg = Debug|Win32
		{58BEBF2D-30C7-4AE4-A02B-B2E9B9C115DD}.Debug|x86.Build.0 = Debug|Win32
		{58BEBF2D-30C7-4AE4-A02B-B2E9B9C115DD}.Release|x64.ActiveCfg = Release|x64
		{58BEBF2D-30C7-4AE4-A02B-B2E9B9C115DD}.Release|x64.Build.0 = Release|x64
		{58BEBF2D-30C7-4AE4-A02B-B2E9B9C115DD}.Release|x86.ActiveCfg = Release|Win32
		{58BEBF2D-30C7-4AE4-A02B-B2E9B9C115DD}.Release|x86.Build.0 = Release|Win32
	EndGlobalSection
	GlobalSection(SolutionProperties) = preSolution
		HideSolutionNode = FALSE
	EndGlobalSection
	GlobalSection(NestedProjects) = preSolution
		{3029D10D-AE30-4918-9658-E07B07940E31} = {F31A2303-D9AA-4B31-80C7-DD618134186F}
		{4371ED28-59B7-4B59-92B6-128D051CF3A4} = {EBEE1C17-2CDC-490A-B68A-7A9738BFC9F7}
		{F31A2303-D9AA-4B31-80C7-DD618134186F} = {EBEE1C17-2CDC-490A-B68A-7A9738BFC9F7}
		{D55821CC-E882-467D-AA98-31C27745E2A4} = {7EE1D512-B866-43ED-A12D-0BE52A53A52D}
		{141DB4D5-2F09-4653-92A0-3CB868050967} = {7EE1D512-B866-43ED-A12D-0BE52A53A52D}
		{18494DE3-13CE-448A-A5D2-67D3E09FF2F5} = {141DB4D5-2F09-4653-92A0-3CB868050967}
		{F8804B19-9069-4E90-AF5F-446BDE0330EC} = {2B841A58-3361-4630-889E-E576EA71B8A5}
		{CDF9816C-8A0A-43E0-A17A-C488CE23552E} = {2B841A58-3361-4630-889E-E576EA71B8A5}
		{C10E741C-3B60-4D71-A209-2A6035F0431D} = {CDF9816C-8A0A-43E0-A17A-C488CE23552E}
		{73C758FF-EEFD-4B9E-8212-065B26511A54} = {308D6CB7-78EE-43A5-A76A-47D0C35BA3A6}
		{4CB52974-87E3-43B1-BFEC-2A162B095F1E} = {308D6CB7-78EE-43A5-A76A-47D0C35BA3A6}
		{3C576BCB-AD6E-456C-9215-436974D8F930} = {A789D483-95A9-431D-8F49-A6C1A0362B25}
		{EEDAC8EF-CAD7-4F31-A518-F97F2B3F5388} = {CA46F2D0-BB49-443D-B39D-32537371790B}
		{9C476199-8D59-452B-8F85-BBD64A0066AF} = {CA46F2D0-BB49-443D-B39D-32537371790B}
		{5EE019C5-950F-499A-8A8E-91512E04F0B1} = {2FB41544-7994-407F-995A-5D79F7142BCC}
		{8F8003DB-CFEE-422C-8F79-21ADD3185CD2} = {2FB41544-7994-407F-995A-5D79F7142BCC}
		{90373E63-8542-44B3-A71A-AADD375B8F77} = {88EAF4CC-F991-4999-9249-882B0A1F79A1}
		{544F87D0-FBCD-4D69-A185-19617A201508} = {88EAF4CC-F991-4999-9249-882B0A1F79A1}
		{9A141108-FF7F-4A1E-AB44-0B7598C1A8E3} = {515DA558-AFBC-49A8-8935-1A419A47B439}
		{DFAF21AC-5424-473D-A420-FC160C7E8B46} = {515DA558-AFBC-49A8-8935-1A419A47B439}
		{98070FE0-1515-441E-A706-3B3A31977F92} = {0433E4B0-1A96-407E-B276-9715DE4A3C25}
		{BE806EE4-2954-4B45-94B0-B4ECE653451E} = {0433E4B0-1A96-407E-B276-9715DE4A3C25}
		{14D377DB-ACFD-4804-9C42-B919AF806BD8} = {4CB52974-87E3-43B1-BFEC-2A162B095F1E}
		{D3E9765F-6FC6-4310-A046-188B7D9B0137} = {9C476199-8D59-452B-8F85-BBD64A0066AF}
		{9AAF6907-99C6-4938-9B36-C3C7274E9B59} = {8F8003DB-CFEE-422C-8F79-21ADD3185CD2}
		{4711FAB0-AFDF-410F-A0B9-760464BA65C6} = {544F87D0-FBCD-4D69-A185-19617A201508}
		{E7B6C050-C615-42BD-A554-83CE3E2D7379} = {DFAF21AC-5424-473D-A420-FC160C7E8B46}
		{2F45408C-8C6E-47BF-B2E6-9ABCF87B9E7C} = {BE806EE4-2954-4B45-94B0-B4ECE653451E}
		{3EECE3ED-8A9A-4F41-9889-962A3E8EE14C} = {D1FBA795-B475-4A54-A6E7-52BE7DB1C408}
		{E377D87A-580F-491D-99B8-2828B9F2E040} = {D1FBA795-B475-4A54-A6E7-52BE7DB1C408}
		{735DDB91-5D63-40AF-8AB9-D43247434DA3} = {E377D87A-580F-491D-99B8-2828B9F2E040}
		{5D8C1ACD-A114-410D-AED9-E9489198217A} = {D1FBA795-B475-4A54-A6E7-52BE7DB1C408}
		{6ADAFE36-3D6F-482F-B910-1268D73C48B4} = {5D8C1ACD-A114-410D-AED9-E9489198217A}
		{FD44C68C-7092-4C67-A936-AA9886C7ADDC} = {D1FBA795-B475-4A54-A6E7-52BE7DB1C408}
		{5BC97BEC-8204-4581-876F-7BD482D09EB5} = {96ABF6D5-F6BA-4783-ADD6-46CAF232D689}
		{7A6EF6AA-ECAF-48A6-B3A6-EDE55E523D11} = {96ABF6D5-F6BA-4783-ADD6-46CAF232D689}
		{A56DDAC5-BC5A-422D-8CA0-C00962C9955C} = {7A6EF6AA-ECAF-48A6-B3A6-EDE55E523D11}
		{5161A67B-FE77-4BEA-9BD4-6F7BA47AB10E} = {0224F893-E312-48ED-8895-E32A18B99A85}
		{48A79660-A92C-4E52-9DEC-FB20160FBDC9} = {0224F893-E312-48ED-8895-E32A18B99A85}
		{D27C93C2-D6C7-4E4E-9FF2-283C766F3582} = {0224F893-E312-48ED-8895-E32A18B99A85}
		{8DD54377-3494-4304-91EE-BF2D78C0178B} = {5161A67B-FE77-4BEA-9BD4-6F7BA47AB10E}
		{58BEBF2D-30C7-4AE4-A02B-B2E9B9C115DD} = {D27C93C2-D6C7-4E4E-9FF2-283C766F3582}
	EndGlobalSection
	GlobalSection(ExtensibilityGlobals) = postSolution
		SolutionGuid = {53724077-B449-462C-8827-BEBD88C8F483}
	EndGlobalSection
EndGlobal
