
Microsoft Visual Studio Solution File, Format Version 12.00
# Visual Studio Version 16
VisualStudioVersion = 16.0.34729.46
MinimumVisualStudioVersion = 10.0.40219.1
Project("{2150E333-8FDC-42A3-9474-1A3956D46DE8}") = "include", "include", "{1C70DBAC-82BC-4897-A897-AEB204F83BAC}"
	ProjectSection(SolutionItems) = preProject
		include\app.inc = include\app.inc
	EndProjectSection
EndProject
Project("{6989167D-11E4-40FE-8C1A-2192A86A7E90}") = "App.Tests", "tests\App.Tests.vfproj", "{3029D10D-AE30-4918-9658-E07B07940E31}"
EndProject
Project("{2150E333-8FDC-42A3-9474-1A3956D46DE8}") = "tests", "tests", "{EF6CF5B5-7BD9-4A30-BD8D-7034B83A7327}"
EndProject
Global
	GlobalSection(SolutionConfigurationPlatforms) = preSolution
		Debug|x64 = Debug|x64
		Debug|x86 = Debug|x86
		Release|x64 = Release|x64
		Release|x86 = Release|x86
	EndGlobalSection
	GlobalSection(ProjectConfigurationPlatforms) = postSolution
		{3029D10D-AE30-4918-9658-E07B07940E31}.Debug|x64.ActiveCfg = Debug|x64
		{3029D10D-AE30-4918-9658-E07B07940E31}.Debug|x64.Build.0 = Debug|x64
		{3029D10D-AE30-4918-9658-E07B07940E31}.Debug|x86.ActiveCfg = Debug|Win32
		{3029D10D-AE30-4918-9658-E07B07940E31}.Debug|x86.Build.0 = Debug|Win32
		{3029D10D-AE30-4918-9658-E07B07940E31}.Release|x64.ActiveCfg = Release|x64
		{3029D10D-AE30-4918-9658-E07B07940E31}.Release|x64.Build.0 = Release|x64
		{3029D10D-AE30-4918-9658-E07B07940E31}.Release|x86.ActiveCfg = Release|Win32
		{3029D10D-AE30-4918-9658-E07B07940E31}.Release|x86.Build.0 = Release|Win32
	EndGlobalSection
	GlobalSection(SolutionProperties) = preSolution
		HideSolutionNode = FALSE
	EndGlobalSection
	GlobalSection(NestedProjects) = preSolution
		{3029D10D-AE30-4918-9658-E07B07940E31} = {EF6CF5B5-7BD9-4A30-BD8D-7034B83A7327}
	EndGlobalSection
	GlobalSection(ExtensibilityGlobals) = postSolution
		SolutionGuid = {ECBDEE8A-C461-4086-8FD9-5D390AA62FDC}
	EndGlobalSection
EndGlobal
